{
  "name": "@playground/prunejs-pg",
  "version": "1.0.0",
  "lockfileVersion": 3,
  "requires": true,
  "packages": {
    "": {
      "name": "@playground/prunejs-pg",
      "version": "1.0.0",
      "license": "MIT",
      "devDependencies": {
        "@mayrlabs/prunejs": "file:../../packages/prunejs",
        "typescript": "^5.3.3"
      }
    },
    "../../packages/prunejs": {
      "name": "@mayrlabs/prunejs",
      "version": "0.0.2",
      "dev": true,
      "license": "MIT",
      "dependencies": {
        "chalk": "^4.1.2",
        "commander": "^11.1.0",
        "figlet": "^1.10.0",
        "fs-extra": "^11.2.0",
        "ignore": "^7.0.5",
        "inquirer": "^8.2.7",
        "ora": "^5.4.1",
        "picocolors": "^1.0.0"
      },
      "bin": {
        "prunejs": "dist/cli.cjs"
      },
      "devDependencies": {
        "@repo/eslint-config": "^0.0.0",
        "@types/figlet": "^1.7.0",
        "@types/fs-extra": "^11.0.4",
        "@types/inquirer": "^9.0.9",
        "@types/mock-fs": "^4.13.4",
        "@types/node": "^25.2.3",
        "@vitest/coverage-v8": "^4.0.18",
        "eslint": "^9.39.1",
        "eslint-plugin-node": "^11.1.0",
        "mock-fs": "^5.5.0",
        "tsdown": "^0.20.3",
        "tsx": "^4.21.0",
        "typescript": "^5.9.2",
        "vitest": "^4.0.18"
      }
    },
    "node_modules/@mayrlabs/prunejs": {
      "resolved": "../../packages/prunejs",
      "link": true
    },
    "node_modules/typescript": {
      "version": "5.9.3",
      "resolved": "https://registry.npmjs.org/typescript/-/typescript-5.9.3.tgz",
      "integrity": "sha512-jl1vZzPDinLr9eUt3J/t7V6FgNEw9QjvBPdysz9KfQDD41fQrC2Y4vKQdiaUpFT4bXlb1RHhLpp8wtm6M5TgSw==",
      "dev": true,
      "license": "Apache-2.0",
      "bin": {
        "tsc": "bin/tsc",
        "tsserver": "bin/tsserver"
      },
      "engines": {
        "node": ">=14.17"
      }
    }
  }
}
